// !$*UTF8*$!
{
	archiveVersion = 1;
	classes = {
	};
	objectVersion = 46;
	objects = {

/* Begin PBXBuildFile section */
		33F52DD87CD27EA592A68C1F /* Pods_StepperierExample.framework in Frameworks */ = {isa = PBXBuildFile; fileRef = C08EEAF6B1A4988ED5FFE89A /* Pods_StepperierExample.framework */; };
		559F47541EFA493000746FF8 /* AppDelegate.swift in Sources */ = {isa = PBXBuildFile; fileRef = 559F47531EFA493000746FF8 /* AppDelegate.swift */; };
		559F47561EFA493000746FF8 /* ViewController.swift in Sources */ = {isa = PBXBuildFile; fileRef = 559F47551EFA493000746FF8 /* ViewController.swift */; };
		559F47591EFA493000746FF8 /* Main.storyboard in Resources */ = {isa = PBXBuildFile; fileRef = 559F47571EFA493000746FF8 /* Main.storyboard */; };
		559F475B1EFA493000746FF8 /* Assets.xcassets in Resources */ = {isa = PBXBuildFile; fileRef = 559F475A1EFA493000746FF8 /* Assets.xcassets */; };
		559F475E1EFA493000746FF8 /* LaunchScreen.storyboard in Resources */ = {isa = PBXBuildFile; fileRef = 559F475C1EFA493000746FF8 /* LaunchScreen.storyboard */; };
/* End PBXBuildFile section */

/* Begin PBXFileReference section */
		559F47501EFA493000746FF8 /* StepperierExample.app */ = {isa = PBXFileReference; explicitFileType = wrapper.application; includeInIndex = 0; path = StepperierExample.app; sourceTree = BUILT_PRODUCTS_DIR; };
		559F47531EFA493000746FF8 /* AppDelegate.swift */ = {isa = PBXFileReference; lastKnownFileType = sourcecode.swift; path = AppDelegate.swift; sourceTree = "<group>"; };
		559F47551EFA493000746FF8 /* ViewController.swift */ = {isa = PBXFileReference; lastKnownFileType = sourcecode.swift; path = ViewController.swift; sourceTree = "<group>"; };
		559F47581EFA493000746FF8 /* Base */ = {isa = PBXFileReference; lastKnownFileType = file.storyboard; name = Base; path = Base.lproj/Main.storyboard; sourceTree = "<group>"; };
		559F475A1EFA493000746FF8 /* Assets.xcassets */ = {isa = PBXFileReference; lastKnownFileType = folder.assetcatalog; path = Assets.xcassets; sourceTree = "<group>"; };
		559F475D1EFA493000746FF8 /* Base */ = {isa = PBXFileReference; lastKnownFileType = file.storyboard; name = Base; path = Base.lproj/LaunchScreen.storyboard; sourceTree = "<group>"; };
		559F475F1EFA493000746FF8 /* Info.plist */ = {isa = PBXFileReference; lastKnownFileType = text.plist.xml; path = Info.plist; sourceTree = "<group>"; };
		9AF687A33D49826054AA3595 /* Pods-StepperierExample.release.xcconfig */ = {isa = PBXFileReference; includeInIndex = 1; lastKnownFileType = text.xcconfig; name = "Pods-StepperierExample.release.xcconfig"; path = "Pods/Target Support Files/Pods-StepperierExample/Pods-StepperierExample.release.xcconfig"; sourceTree = "<group>"; };
		C08EEAF6B1A4988ED5FFE89A /* Pods_StepperierExample.framework */ = {isa = PBXFileReference; explicitFileType = wrapper.framework; includeInIndex = 0; path = Pods_StepperierExample.framework; sourceTree = BUILT_PRODUCTS_DIR; };
		F2EC2DFA849D85ABE07C568F /* Pods-StepperierExample.debug.xcconfig */ = {isa = PBXFileReference; includeInIndex = 1; lastKnownFileType = text.xcconfig; name = "Pods-StepperierExample.debug.xcconfig"; path = "Pods/Target Support Files/Pods-StepperierExample/Pods-StepperierExample.debug.xcconfig"; sourceTree = "<group>"; };
/* End PBXFileReference section */

/* Begin PBXFrameworksBuildPhase section */
		559F474D1EFA493000746FF8 /* Frameworks */ = {
			isa = PBXFrameworksBuildPhase;
			buildActionMask = 2147483647;
			files = (
				33F52DD87CD27EA592A68C1F /* Pods_StepperierExample.framework in Frameworks */,
			);
			runOnlyForDeploymentPostprocessing = 0;
		};
/* End PBXFrameworksBuildPhase section */

/* Begin PBXGroup section */
		19DE2BBAD68E1255F050F801 /* Pods */ = {
			isa = PBXGroup;
			children = (
				F2EC2DFA849D85ABE07C568F /* Pods-StepperierExample.debug.xcconfig */,
				9AF687A33D49826054AA3595 /* Pods-StepperierExample.release.xcconfig */,
			);
			name = Pods;
			sourceTree = "<group>";
		};
		559F47471EFA493000746FF8 = {
			isa = PBXGroup;
			children = (
				559F47521EFA493000746FF8 /* StepperierExample */,
				559F47511EFA493000746FF8 /* Products */,
				19DE2BBAD68E1255F050F801 /* Pods */,
				97C8251AD53B7F4C839EC20C /* Frameworks */,
			);
			sourceTree = "<group>";
		};
		559F47511EFA493000746FF8 /* Products */ = {
			isa = PBXGroup;
			children = (
				559F47501EFA493000746FF8 /* StepperierExample.app */,
			);
			name = Products;
			sourceTree = "<group>";
		};
		559F47521EFA493000746FF8 /* StepperierExample */ = {
			isa = PBXGroup;
			children = (
				559F47531EFA493000746FF8 /* AppDelegate.swift */,
				559F47551EFA493000746FF8 /* ViewController.swift */,
				559F47571EFA493000746FF8 /* Main.storyboard */,
				559F475A1EFA493000746FF8 /* Assets.xcassets */,
				559F475C1EFA493000746FF8 /* LaunchScreen.storyboard */,
				559F475F1EFA493000746FF8 /* Info.plist */,
			);
			path = StepperierExample;
			sourceTree = "<group>";
		};
		97C8251AD53B7F4C839EC20C /* Frameworks */ = {
			isa = PBXGroup;
			children = (
				C08EEAF6B1A4988ED5FFE89A /* Pods_StepperierExample.framework */,
			);
			name = Frameworks;
			sourceTree = "<group>";
		};
/* End PBXGroup section */

/* Begin PBXNativeTarget section */
		559F474F1EFA493000746FF8 /* StepperierExample */ = {
			isa = PBXNativeTarget;
			buildConfigurationList = 559F47621EFA493000746FF8 /* Build configuration list for PBXNativeTarget "StepperierExample" */;
			buildPhases = (
				D59D8AFD1BB00D6CAB848BB5 /* [CP] Check Pods Manifest.lock */,
				559F474C1EFA493000746FF8 /* Sources */,
				559F474D1EFA493000746FF8 /* Frameworks */,
				559F474E1EFA493000746FF8 /* Resources */,
				B75CF654FFEDA2690F31F9DD /* [CP] Embed Pods Frameworks */,
				9107249FB671583529AEFAC6 /* [CP] Copy Pods Resources */,
			);
			buildRules = (
			);
			dependencies = (
			);
			name = StepperierExample;
			productName = StepperierExample;
			productReference = 559F47501EFA493000746FF8 /* StepperierExample.app */;
			productType = "com.apple.product-type.application";
		};
/* End PBXNativeTarget section */

/* Begin PBXProject section */
		559F47481EFA493000746FF8 /* Project object */ = {
			isa = PBXProject;
			attributes = {
				LastSwiftUpdateCheck = 0830;
				LastUpgradeCheck = 0920;
				ORGANIZATIONNAME = "David Elsonbaty";
				TargetAttributes = {
					559F474F1EFA493000746FF8 = {
						CreatedOnToolsVersion = 8.3.3;
						DevelopmentTeam = NC6PEUTA52;
						LastSwiftMigration = 0920;
						ProvisioningStyle = Automatic;
					};
				};
			};
			buildConfigurationList = 559F474B1EFA493000746FF8 /* Build configuration list for PBXProject "StepperierExample" */;
			compatibilityVersion = "Xcode 3.2";
			developmentRegion = English;
			hasScannedForEncodings = 0;
			knownRegions = (
				en,
				Base,
			);
			mainGroup = 559F47471EFA493000746FF8;
			productRefGroup = 559F47511EFA493000746FF8 /* Products */;
			projectDirPath = "";
			projectRoot = "";
			targets = (
				559F474F1EFA493000746FF8 /* StepperierExample */,
			);
		};
/* End PBXProject section */

/* Begin PBXResourcesBuildPhase section */
		559F474E1EFA493000746FF8 /* Resources */ = {
			isa = PBXResourcesBuildPhase;
			buildActionMask = 2147483647;
			files = (
				559F475E1EFA493000746FF8 /* LaunchScreen.storyboard in Resources */,
				559F475B1EFA493000746FF8 /* Assets.xcassets in Resources */,
				559F47591EFA493000746FF8 /* Main.storyboard in Resources */,
			);
			runOnlyForDeploymentPostprocessing = 0;
		};
/* End PBXResourcesBuildPhase section */

/* Begin PBXShellScriptBuildPhase section */
		9107249FB671583529AEFAC6 /* [CP] Copy Pods Resources */ = {
			isa = PBXShellScriptBuildPhase;
			buildActionMask = 2147483647;
			files = (
			);
			inputPaths = (
			);
			name = "[CP] Copy Pods Resources";
			outputPaths = (
			);
			runOnlyForDeploymentPostprocessing = 0;
			shellPath = /bin/sh;
			shellScript = "\"${SRCROOT}/Pods/Target Support Files/Pods-StepperierExample/Pods-StepperierExample-resources.sh\"\n";
			showEnvVarsInLog = 0;
		};
		B75CF654FFEDA2690F31F9DD /* [CP] Embed Pods Frameworks */ = {
			isa = PBXShellScriptBuildPhase;
			buildActionMask = 2147483647;
			files = (
			);
			inputPaths = (
			);
			name = "[CP] Embed Pods Frameworks";
			outputPaths = (
			);
			runOnlyForDeploymentPostprocessing = 0;
			shellPath = /bin/sh;
			shellScript = "\"${SRCROOT}/Pods/Target Support Files/Pods-StepperierExample/Pods-StepperierExample-frameworks.sh\"\n";
			showEnvVarsInLog = 0;
		};
		D59D8AFD1BB00D6CAB848BB5 /* [CP] Check Pods Manifest.lock */ = {
			isa = PBXShellScriptBuildPhase;
			buildActionMask = 2147483647;
			files = (
			);
			inputPaths = (
			);
			name = "[CP] Check Pods Manifest.lock";
			outputPaths = (
			);
			runOnlyForDeploymentPostprocessing = 0;
			shellPath = /bin/sh;
			shellScript = "diff \"${PODS_ROOT}/../Podfile.lock\" \"${PODS_ROOT}/Manifest.lock\" > /dev/null\nif [ $? != 0 ] ; then\n    # print error to STDERR\n    echo \"error: The sandbox is not in sync with the Podfile.lock. Run 'pod install' or update your CocoaPods installation.\" >&2\n    exit 1\nfi\n";
			showEnvVarsInLog = 0;
		};
/* End PBXShellScriptBuildPhase section */

/* Begin PBXSourcesBuildPhase section */
		559F474C1EFA493000746FF8 /* Sources */ = {
			isa = PBXSourcesBuildPhase;
			buildActionMask = 2147483647;
			files = (
				559F47561EFA493000746FF8 /* ViewController.swift in Sources */,
				559F47541EFA493000746FF8 /* AppDelegate.swift in Sources */,
			);
			runOnlyForDeploymentPostprocessing = 0;
		};
/* End PBXSourcesBuildPhase section */

/* Begin PBXVariantGroup section */
		559F47571EFA493000746FF8 /* Main.storyboard */ = {
			isa = PBXVariantGroup;
			children = (
				559F47581EFA493000746FF8 /* Base */,
			);
			name = Main.storyboard;
			sourceTree = "<group>";
		};
		559F475C1EFA493000746FF8 /* LaunchScreen.storyboard */ = {
			isa = PBXVariantGroup;
			children = (
				559F475D1EFA493000746FF8 /* Base */,
			);
			name = LaunchScreen.storyboard;
			sourceTree = "<group>";
		};
/* End PBXVariantGroup section */

/* Begin XCBuildConfiguration section */
		559F47601EFA493000746FF8 /* Debug */ = {
			isa = XCBuildConfiguration;
			buildSettings = {
				ALWAYS_SEARCH_USER_PATHS = NO;
				CLANG_ANALYZER_NONNULL = YES;
				CLANG_ANALYZER_NUMBER_OBJECT_CONVERSION = YES_AGGRESSIVE;
				CLANG_CXX_LANGUAGE_STANDARD = "gnu++0x";
				CLANG_CXX_LIBRARY = "libc++";
				CLANG_ENABLE_MODULES = YES;
				CLANG_ENABLE_OBJC_ARC = YES;
				CLANG_WARN_BLOCK_CAPTURE_AUTORELEASING = YES;
				CLANG_WARN_BOOL_CONVERSION = YES;
				CLANG_WARN_COMMA = YES;
				CLANG_WARN_CONSTANT_CONVERSION = YES;
				CLANG_WARN_DIRECT_OBJC_ISA_USAGE = YES_ERROR;
				CLANG_WARN_DOCUMENTATION_COMMENTS = YES;
				CLANG_WARN_EMPTY_BODY = YES;
				CLANG_WARN_ENUM_CONVERSION = YES;
				CLANG_WARN_INFINITE_RECURSION = YES;
				CLANG_WARN_INT_CONVERSION = YES;
				CLANG_WARN_NON_LITERAL_NULL_CONVERSION = YES;
				CLANG_WARN_OBJC_LITERAL_CONVERSION = YES;
				CLANG_WARN_OBJC_ROOT_CLASS = YES_ERROR;
				CLANG_WARN_RANGE_LOOP_ANALYSIS = YES;
				CLANG_WARN_STRICT_PROTOTYPES = YES;
				CLANG_WARN_SUSPICIOUS_MOVE = YES;
				CLANG_WARN_UNREACHABLE_CODE = YES;
				CLANG_WARN__DUPLICATE_METHOD_MATCH = YES;
				"CODE_SIGN_IDENTITY[sdk=iphoneos*]" = "iPhone Developer";
				COPY_PHASE_STRIP = NO;
				DEBUG_INFORMATION_FORMAT = dwarf;
				ENABLE_STRICT_OBJC_MSGSEND = YES;
				ENABLE_TESTABILITY = YES;
				GCC_C_LANGUAGE_STANDARD = gnu99;
				GCC_DYNAMIC_NO_PIC = NO;
				GCC_NO_COMMON_BLOCKS = YES;
				GCC_OPTIMIZATION_LEVEL = 0;
				GCC_PREPROCESSOR_DEFINITIONS = (
					"DEBUG=1",
					"$(inherited)",
				);
				GCC_WARN_64_TO_32_BIT_CONVERSION = YES;
				GCC_WARN_ABOUT_RETURN_TYPE = YES_ERROR;
				GCC_WARN_UNDECLARED_SELECTOR = YES;
				GCC_WARN_UNINITIALIZED_AUTOS = YES_AGGRESSIVE;
				GCC_WARN_UNUSED_FUNCTION = YES;
				GCC_WARN_UNUSED_VARIABLE = YES;
				IPHONEOS_DEPLOYMENT_TARGET = 10.3;
				MTL_ENABLE_DEBUG_INFO = YES;
				ONLY_ACTIVE_ARCH = YES;
				SDKROOT = iphoneos;
				SWIFT_ACTIVE_COMPILATION_CONDITIONS = DEBUG;
				SWIFT_OPTIMIZATION_LEVEL = "-Onone";
			};
			name = Debug;
		};
		559F47611EFA493000746FF8 /* Release */ = {
			isa = XCBuildConfiguration;
			buildSettings = {
				ALWAYS_SEARCH_USER_PATHS = NO;
				CLANG_ANALYZER_NONNULL = YES;
				CLANG_ANALYZER_NUMBER_OBJECT_CONVERSION = YES_AGGRESSIVE;
				CLANG_CXX_LANGUAGE_STANDARD = "gnu++0x";
				CLANG_CXX_LIBRARY = "libc++";
				CLANG_ENABLE_MODULES = YES;
				CLANG_ENABLE_OBJC_ARC = YES;
				CLANG_WARN_BLOCK_CAPTURE_AUTORELEASING = YES;
				CLANG_WARN_BOOL_CONVERSION = YES;
				CLANG_WARN_COMMA = YES;
				CLANG_WARN_CONSTANT_CONVERSION = YES;
				CLANG_WARN_DIRECT_OBJC_ISA_USAGE = YES_ERROR;
				CLANG_WARN_DOCUMENTATION_COMMENTS = YES;
				CLANG_WARN_EMPTY_BODY = YES;
				CLANG_WARN_ENUM_CONVERSION = YES;
				CLANG_WARN_INFINITE_RECURSION = YES;
				CLANG_WARN_INT_CONVERSION = YES;
				CLANG_WARN_NON_LITERAL_NULL_CONVERSION = YES;
				CLANG_WARN_OBJC_LITERAL_CONVERSION = YES;
				CLANG_WARN_OBJC_ROOT_CLASS = YES_ERROR;
				CLANG_WARN_RANGE_LOOP_ANALYSIS = YES;
				CLANG_WARN_STRICT_PROTOTYPES = YES;
				CLANG_WARN_SUSPICIOUS_MOVE = YES;
				CLANG_WARN_UNREACHABLE_CODE = YES;
				CLANG_WARN__DUPLICATE_METHOD_MATCH = YES;
				"CODE_SIGN_IDENTITY[sdk=iphoneos*]" = "iPhone Developer";
				COPY_PHASE_STRIP = NO;
				DEBUG_INFORMATION_FORMAT = "dwarf-with-dsym";
				ENABLE_NS_ASSERTIONS = NO;
				ENABLE_STRICT_OBJC_MSGSEND = YES;
				GCC_C_LANGUAGE_STANDARD = gnu99;
				GCC_NO_COMMON_BLOCKS = YES;
				GCC_WARN_64_TO_32_BIT_CONVERSION = YES;
				GCC_WARN_ABOUT_RETURN_TYPE = YES_ERROR;
				GCC_WARN_UNDECLARED_SELECTOR = YES;
				GCC_WARN_UNINITIALIZED_AUTOS = YES_AGGRESSIVE;
				GCC_WARN_UNUSED_FUNCTION = YES;
				GCC_WARN_UNUSED_VARIABLE = YES;
				IPHONEOS_DEPLOYMENT_TARGET = 10.3;
				MTL_ENABLE_DEBUG_INFO = NO;
				SDKROOT = iphoneos;
				SWIFT_OPTIMIZATION_LEVEL = "-Owholemodule";
				VALIDATE_PRODUCT = YES;
			};
			name = Release;
		};
		559F47631EFA493000746FF8 /* Debug */ = {
			isa = XCBuildConfiguration;
			baseConfigurationReference = F2EC2DFA849D85ABE07C568F /* Pods-StepperierExample.debug.xcconfig */;
			buildSettings = {
				ASSETCATALOG_COMPILER_APPICON_NAME = AppIcon;
				DEVELOPMENT_TEAM = NC6PEUTA52;
				INFOPLIST_FILE = StepperierExample/Info.plist;
				LD_RUNPATH_SEARCH_PATHS = "$(inherited) @executable_path/Frameworks";
				PRODUCT_BUNDLE_IDENTIFIER = com.stepperier.StepperierExample;
				PRODUCT_NAME = "$(TARGET_NAME)";
				SWIFT_SWIFT3_OBJC_INFERENCE = Default;
				SWIFT_VERSION = 4.0;
			};
			name = Debug;
		};
		559F47641EFA493000746FF8 /* Release */ = {
			isa = XCBuildConfiguration;
			baseConfigurationReference = 9AF687A33D49826054AA3595 /* Pods-StepperierExample.release.xcconfig */;
			buildSettings = {
				ASSETCATALOG_COMPILER_APPICON_NAME = AppIcon;
				DEVELOPMENT_TEAM = NC6PEUTA52;
				INFOPLIST_FILE = StepperierExample/Info.plist;
				LD_RUNPATH_SEARCH_PATHS = "$(inherited) @executable_path/Frameworks";
				PRODUCT_BUNDLE_IDENTIFIER = com.stepperier.StepperierExample;
				PRODUCT_NAME = "$(TARGET_NAME)";
				SWIFT_SWIFT3_OBJC_INFERENCE = Default;
				SWIFT_VERSION = 4.0;
			};
			name = Release;
		};
/* End XCBuildConfiguration section */

/* Begin XCConfigurationList section */
		559F474B1EFA493000746FF8 /* Build configuration list for PBXProject "StepperierExample" */ = {
			isa = XCConfigurationList;
			buildConfigurations = (
				559F47601EFA493000746FF8 /* Debug */,
				559F47611EFA493000746FF8 /* Release */,
			);
			defaultConfigurationIsVisible = 0;
			defaultConfigurationName = Release;
		};
		559F47621EFA493000746FF8 /* Build configuration list for PBXNativeTarget "StepperierExample" */ = {
			isa = XCConfigurationList;
			buildConfigurations = (
				559F47631EFA493000746FF8 /* Debug */,
				559F47641EFA493000746FF8 /* Release */,
			);
			defaultConfigurationIsVisible = 0;
			defaultConfigurationName = Release;
		};
/* End XCConfigurationList section */
	};
	rootObject = 559F47481EFA493000746FF8 /* Project object */;
}
